// !$*UTF8*$!
{
	archiveVersion = 1;
	classes = {
	};
	objectVersion = 46;
	objects = {

/* Begin PBXBuildFile section */
		6D1D53F91833C62D002982D4 /* Foundation.framework in Frameworks */ = {isa = PBXBuildFile; fileRef = 6D1D53F81833C62D002982D4 /* Foundation.framework */; };
		6D1D53FB1833C62D002982D4 /* CoreGraphics.framework in Frameworks */ = {isa = PBXBuildFile; fileRef = 6D1D53FA1833C62D002982D4 /* CoreGraphics.framework */; };
		6D1D53FD1833C62D002982D4 /* UIKit.framework in Frameworks */ = {isa = PBXBuildFile; fileRef = 6D1D53FC1833C62D002982D4 /* UIKit.framework */; };
		6D1D54031833C62D002982D4 /* InfoPlist.strings in Resources */ = {isa = PBXBuildFile; fileRef = 6D1D54011833C62D002982D4 /* InfoPlist.strings */; };
		6D1D54051833C62D002982D4 /* main.m in Sources */ = {isa = PBXBuildFile; fileRef = 6D1D54041833C62D002982D4 /* main.m */; };
		6D1D54091833C62D002982D4 /* kpcNbaAppDelegate.m in Sources */ = {isa = PBXBuildFile; fileRef = 6D1D54081833C62D002982D4 /* kpcNbaAppDelegate.m */; };
		6D1D540C1833C62D002982D4 /* Main.storyboard in Resources */ = {isa = PBXBuildFile; fileRef = 6D1D540A1833C62D002982D4 /* Main.storyboard */; };
		6D1D540F1833C62D002982D4 /* kpcNbaViewController.m in Sources */ = {isa = PBXBuildFile; fileRef = 6D1D540E1833C62D002982D4 /* kpcNbaViewController.m */; };
		6D1D54111833C62D002982D4 /* Images.xcassets in Resources */ = {isa = PBXBuildFile; fileRef = 6D1D54101833C62D002982D4 /* Images.xcassets */; };
		6D1D54181833C62E002982D4 /* XCTest.framework in Frameworks */ = {isa = PBXBuildFile; fileRef = 6D1D54171833C62E002982D4 /* XCTest.framework */; };
		6D1D54191833C62E002982D4 /* Foundation.framework in Frameworks */ = {isa = PBXBuildFile; fileRef = 6D1D53F81833C62D002982D4 /* Foundation.framework */; };
		6D1D541A1833C62E002982D4 /* UIKit.framework in Frameworks */ = {isa = PBXBuildFile; fileRef = 6D1D53FC1833C62D002982D4 /* UIKit.framework */; };
		6D1D54221833C62E002982D4 /* InfoPlist.strings in Resources */ = {isa = PBXBuildFile; fileRef = 6D1D54201833C62E002982D4 /* InfoPlist.strings */; };
		6D1D54241833C62E002982D4 /* NBA_Player_GuessTests.m in Sources */ = {isa = PBXBuildFile; fileRef = 6D1D54231833C62E002982D4 /* NBA_Player_GuessTests.m */; };
		6D1D542F1833CAA8002982D4 /* kpcNbaTimerController.m in Sources */ = {isa = PBXBuildFile; fileRef = 6D1D542E1833CAA8002982D4 /* kpcNbaTimerController.m */; };
		6D236081184598FC0026A2EE /* kpcNbaScoringComponent.m in Sources */ = {isa = PBXBuildFile; fileRef = 6D236080184598FC0026A2EE /* kpcNbaScoringComponent.m */; };
		6D2360841845B5BA0026A2EE /* kpcNbaIntegerScoringComponent.m in Sources */ = {isa = PBXBuildFile; fileRef = 6D2360831845B5BA0026A2EE /* kpcNbaIntegerScoringComponent.m */; };
		6DA08E731854FA3500246759 /* kpcNbaPlayer.m in Sources */ = {isa = PBXBuildFile; fileRef = 6DA08E721854FA3500246759 /* kpcNbaPlayer.m */; };
		6DA08E761855046100246759 /* kpcNbaStringScoringComponent.m in Sources */ = {isa = PBXBuildFile; fileRef = 6DA08E751855046100246759 /* kpcNbaStringScoringComponent.m */; };
		6DA08E78185507D100246759 /* playerData.plist in Resources */ = {isa = PBXBuildFile; fileRef = 6DA08E77185507D100246759 /* playerData.plist */; };
/* End PBXBuildFile section */

/* Begin PBXContainerItemProxy section */
		6D1D541B1833C62E002982D4 /* PBXContainerItemProxy */ = {
			isa = PBXContainerItemProxy;
			containerPortal = 6D1D53ED1833C62D002982D4 /* Project object */;
			proxyType = 1;
			remoteGlobalIDString = 6D1D53F41833C62D002982D4;
			remoteInfo = "NBA Player Guess";
		};
/* End PBXContainerItemProxy section */

/* Begin PBXFileReference section */
		6D1D53F51833C62D002982D4 /* NBA Player Guess.app */ = {isa = PBXFileReference; explicitFileType = wrapper.application; includeInIndex = 0; path = "NBA Player Guess.app"; sourceTree = BUILT_PRODUCTS_DIR; };
		6D1D53F81833C62D002982D4 /* Foundation.framework */ = {isa = PBXFileReference; lastKnownFileType = wrapper.framework; name = Foundation.framework; path = System/Library/Frameworks/Foundation.framework; sourceTree = SDKROOT; };
		6D1D53FA1833C62D002982D4 /* CoreGraphics.framework */ = {isa = PBXFileReference; lastKnownFileType = wrapper.framework; name = CoreGraphics.framework; path = System/Library/Frameworks/CoreGraphics.framework; sourceTree = SDKROOT; };
		6D1D53FC1833C62D002982D4 /* UIKit.framework */ = {isa = PBXFileReference; lastKnownFileType = wrapper.framework; name = UIKit.framework; path = System/Library/Frameworks/UIKit.framework; sourceTree = SDKROOT; };
		6D1D54001833C62D002982D4 /* NBA Player Guess-Info.plist */ = {isa = PBXFileReference; lastKnownFileType = text.plist.xml; path = "NBA Player Guess-Info.plist"; sourceTree = "<group>"; };
		6D1D54021833C62D002982D4 /* en */ = {isa = PBXFileReference; lastKnownFileType = text.plist.strings; name = en; path = en.lproj/InfoPlist.strings; sourceTree = "<group>"; };
		6D1D54041833C62D002982D4 /* main.m */ = {isa = PBXFileReference; lastKnownFileType = sourcecode.c.objc; path = main.m; sourceTree = "<group>"; };
		6D1D54061833C62D002982D4 /* NBA Player Guess-Prefix.pch */ = {isa = PBXFileReference; lastKnownFileType = sourcecode.c.h; path = "NBA Player Guess-Prefix.pch"; sourceTree = "<group>"; };
		6D1D54071833C62D002982D4 /* kpcNbaAppDelegate.h */ = {isa = PBXFileReference; lastKnownFileType = sourcecode.c.h; path = kpcNbaAppDelegate.h; sourceTree = "<group>"; };
		6D1D54081833C62D002982D4 /* kpcNbaAppDelegate.m */ = {isa = PBXFileReference; lastKnownFileType = sourcecode.c.objc; path = kpcNbaAppDelegate.m; sourceTree = "<group>"; };
		6D1D540B1833C62D002982D4 /* Base */ = {isa = PBXFileReference; lastKnownFileType = file.storyboard; name = Base; path = Base.lproj/Main.storyboard; sourceTree = "<group>"; };
		6D1D540D1833C62D002982D4 /* kpcNbaViewController.h */ = {isa = PBXFileReference; lastKnownFileType = sourcecode.c.h; path = kpcNbaViewController.h; sourceTree = "<group>"; };
		6D1D540E1833C62D002982D4 /* kpcNbaViewController.m */ = {isa = PBXFileReference; lastKnownFileType = sourcecode.c.objc; path = kpcNbaViewController.m; sourceTree = "<group>"; };
		6D1D54101833C62D002982D4 /* Images.xcassets */ = {isa = PBXFileReference; lastKnownFileType = folder.assetcatalog; path = Images.xcassets; sourceTree = "<group>"; };
		6D1D54161833C62E002982D4 /* NBA Player GuessTests.xctest */ = {isa = PBXFileReference; explicitFileType = wrapper.cfbundle; includeInIndex = 0; path = "NBA Player GuessTests.xctest"; sourceTree = BUILT_PRODUCTS_DIR; };
		6D1D54171833C62E002982D4 /* XCTest.framework */ = {isa = PBXFileReference; lastKnownFileType = wrapper.framework; name = XCTest.framework; path = Library/Frameworks/XCTest.framework; sourceTree = DEVELOPER_DIR; };
		6D1D541F1833C62E002982D4 /* NBA Player GuessTests-Info.plist */ = {isa = PBXFileReference; lastKnownFileType = text.plist.xml; path = "NBA Player GuessTests-Info.plist"; sourceTree = "<group>"; };
		6D1D54211833C62E002982D4 /* en */ = {isa = PBXFileReference; lastKnownFileType = text.plist.strings; name = en; path = en.lproj/InfoPlist.strings; sourceTree = "<group>"; };
		6D1D54231833C62E002982D4 /* NBA_Player_GuessTests.m */ = {isa = PBXFileReference; lastKnownFileType = sourcecode.c.objc; path = NBA_Player_GuessTests.m; sourceTree = "<group>"; };
		6D1D542D1833CAA8002982D4 /* kpcNbaTimerController.h */ = {isa = PBXFileReference; fileEncoding = 4; lastKnownFileType = sourcecode.c.h; path = kpcNbaTimerController.h; sourceTree = "<group>"; };
		6D1D542E1833CAA8002982D4 /* kpcNbaTimerController.m */ = {isa = PBXFileReference; fileEncoding = 4; lastKnownFileType = sourcecode.c.objc; path = kpcNbaTimerController.m; sourceTree = "<group>"; };
		6D23607F184598FC0026A2EE /* kpcNbaScoringComponent.h */ = {isa = PBXFileReference; fileEncoding = 4; lastKnownFileType = sourcecode.c.h; path = kpcNbaScoringComponent.h; sourceTree = "<group>"; };
		6D236080184598FC0026A2EE /* kpcNbaScoringComponent.m */ = {isa = PBXFileReference; fileEncoding = 4; lastKnownFileType = sourcecode.c.objc; path = kpcNbaScoringComponent.m; sourceTree = "<group>"; };
		6D2360821845B5BA0026A2EE /* kpcNbaIntegerScoringComponent.h */ = {isa = PBXFileReference; fileEncoding = 4; lastKnownFileType = sourcecode.c.h; path = kpcNbaIntegerScoringComponent.h; sourceTree = "<group>"; };
		6D2360831845B5BA0026A2EE /* kpcNbaIntegerScoringComponent.m */ = {isa = PBXFileReference; fileEncoding = 4; lastKnownFileType = sourcecode.c.objc; path = kpcNbaIntegerScoringComponent.m; sourceTree = "<group>"; };
		6DA08E711854FA3500246759 /* kpcNbaPlayer.h */ = {isa = PBXFileReference; fileEncoding = 4; lastKnownFileType = sourcecode.c.h; path = kpcNbaPlayer.h; sourceTree = "<group>"; };
		6DA08E721854FA3500246759 /* kpcNbaPlayer.m */ = {isa = PBXFileReference; fileEncoding = 4; lastKnownFileType = sourcecode.c.objc; path = kpcNbaPlayer.m; sourceTree = "<group>"; };
		6DA08E741855046100246759 /* kpcNbaStringScoringComponent.h */ = {isa = PBXFileReference; fileEncoding = 4; lastKnownFileType = sourcecode.c.h; path = kpcNbaStringScoringComponent.h; sourceTree = "<group>"; };
		6DA08E751855046100246759 /* kpcNbaStringScoringComponent.m */ = {isa = PBXFileReference; fileEncoding = 4; lastKnownFileType = sourcecode.c.objc; path = kpcNbaStringScoringComponent.m; sourceTree = "<group>"; };
		6DA08E77185507D100246759 /* playerData.plist */ = {isa = PBXFileReference; fileEncoding = 4; lastKnownFileType = text.plist.xml; path = playerData.plist; sourceTree = "<group>"; };
/* End PBXFileReference section */

/* Begin PBXFrameworksBuildPhase section */
		6D1D53F21833C62D002982D4 /* Frameworks */ = {
			isa = PBXFrameworksBuildPhase;
			buildActionMask = 2147483647;
			files = (
				6D1D53FB1833C62D002982D4 /* CoreGraphics.framework in Frameworks */,
				6D1D53FD1833C62D002982D4 /* UIKit.framework in Frameworks */,
				6D1D53F91833C62D002982D4 /* Foundation.framework in Frameworks */,
			);
			runOnlyForDeploymentPostprocessing = 0;
		};
		6D1D54131833C62E002982D4 /* Frameworks */ = {
			isa = PBXFrameworksBuildPhase;
			buildActionMask = 2147483647;
			files = (
				6D1D54181833C62E002982D4 /* XCTest.framework in Frameworks */,
				6D1D541A1833C62E002982D4 /* UIKit.framework in Frameworks */,
				6D1D54191833C62E002982D4 /* Foundation.framework in Frameworks */,
			);
			runOnlyForDeploymentPostprocessing = 0;
		};
/* End PBXFrameworksBuildPhase section */

/* Begin PBXGroup section */
		6D1D53EC1833C62D002982D4 = {
			isa = PBXGroup;
			children = (
				6D1D53FE1833C62D002982D4 /* NBA Player Guess */,
				6D1D541D1833C62E002982D4 /* NBA Player GuessTests */,
				6D1D53F71833C62D002982D4 /* Frameworks */,
				6D1D53F61833C62D002982D4 /* Products */,
			);
			sourceTree = "<group>";
		};
		6D1D53F61833C62D002982D4 /* Products */ = {
			isa = PBXGroup;
			children = (
				6D1D53F51833C62D002982D4 /* NBA Player Guess.app */,
				6D1D54161833C62E002982D4 /* NBA Player GuessTests.xctest */,
			);
			name = Products;
			sourceTree = "<group>";
		};
		6D1D53F71833C62D002982D4 /* Frameworks */ = {
			isa = PBXGroup;
			children = (
				6D1D53F81833C62D002982D4 /* Foundation.framework */,
				6D1D53FA1833C62D002982D4 /* CoreGraphics.framework */,
				6D1D53FC1833C62D002982D4 /* UIKit.framework */,
				6D1D54171833C62E002982D4 /* XCTest.framework */,
			);
			name = Frameworks;
			sourceTree = "<group>";
		};
		6D1D53FE1833C62D002982D4 /* NBA Player Guess */ = {
			isa = PBXGroup;
			children = (
				6D1D54071833C62D002982D4 /* kpcNbaAppDelegate.h */,
				6D1D54081833C62D002982D4 /* kpcNbaAppDelegate.m */,
				6D1D542D1833CAA8002982D4 /* kpcNbaTimerController.h */,
				6D1D542E1833CAA8002982D4 /* kpcNbaTimerController.m */,
				6D1D540A1833C62D002982D4 /* Main.storyboard */,
				6D23607F184598FC0026A2EE /* kpcNbaScoringComponent.h */,
				6D2360821845B5BA0026A2EE /* kpcNbaIntegerScoringComponent.h */,
				6D2360831845B5BA0026A2EE /* kpcNbaIntegerScoringComponent.m */,
				6DA08E711854FA3500246759 /* kpcNbaPlayer.h */,
				6DA08E741855046100246759 /* kpcNbaStringScoringComponent.h */,
				6DA08E751855046100246759 /* kpcNbaStringScoringComponent.m */,
				6DA08E721854FA3500246759 /* kpcNbaPlayer.m */,
				6DA08E77185507D100246759 /* playerData.plist */,
				6D236080184598FC0026A2EE /* kpcNbaScoringComponent.m */,
				6D1D540D1833C62D002982D4 /* kpcNbaViewController.h */,
				6D1D540E1833C62D002982D4 /* kpcNbaViewController.m */,
				6D1D54101833C62D002982D4 /* Images.xcassets */,
				6D1D53FF1833C62D002982D4 /* Supporting Files */,
			);
			path = "NBA Player Guess";
			sourceTree = "<group>";
		};
		6D1D53FF1833C62D002982D4 /* Supporting Files */ = {
			isa = PBXGroup;
			children = (
				6D1D54001833C62D002982D4 /* NBA Player Guess-Info.plist */,
				6D1D54011833C62D002982D4 /* InfoPlist.strings */,
				6D1D54041833C62D002982D4 /* main.m */,
				6D1D54061833C62D002982D4 /* NBA Player Guess-Prefix.pch */,
			);
			name = "Supporting Files";
			sourceTree = "<group>";
		};
		6D1D541D1833C62E002982D4 /* NBA Player GuessTests */ = {
			isa = PBXGroup;
			children = (
				6D1D54231833C62E002982D4 /* NBA_Player_GuessTests.m */,
				6D1D541E1833C62E002982D4 /* Supporting Files */,
			);
			path = "NBA Player GuessTests";
			sourceTree = "<group>";
		};
		6D1D541E1833C62E002982D4 /* Supporting Files */ = {
			isa = PBXGroup;
			children = (
				6D1D541F1833C62E002982D4 /* NBA Player GuessTests-Info.plist */,
				6D1D54201833C62E002982D4 /* InfoPlist.strings */,
			);
			name = "Supporting Files";
			sourceTree = "<group>";
		};
/* End PBXGroup section */

/* Begin PBXNativeTarget section */
		6D1D53F41833C62D002982D4 /* NBA Player Guess */ = {
			isa = PBXNativeTarget;
			buildConfigurationList = 6D1D54271833C62E002982D4 /* Build configuration list for PBXNativeTarget "NBA Player Guess" */;
			buildPhases = (
				6D1D53F11833C62D002982D4 /* Sources */,
				6D1D53F21833C62D002982D4 /* Frameworks */,
				6D1D53F31833C62D002982D4 /* Resources */,
			);
			buildRules = (
			);
			dependencies = (
			);
			name = "NBA Player Guess";
			productName = "NBA Player Guess";
			productReference = 6D1D53F51833C62D002982D4 /* NBA Player Guess.app */;
			productType = "com.apple.product-type.application";
		};
		6D1D54151833C62E002982D4 /* NBA Player GuessTests */ = {
			isa = PBXNativeTarget;
			buildConfigurationList = 6D1D542A1833C62E002982D4 /* Build configuration list for PBXNativeTarget "NBA Player GuessTests" */;
			buildPhases = (
				6D1D54121833C62E002982D4 /* Sources */,
				6D1D54131833C62E002982D4 /* Frameworks */,
				6D1D54141833C62E002982D4 /* Resources */,
			);
			buildRules = (
			);
			dependencies = (
				6D1D541C1833C62E002982D4 /* PBXTargetDependency */,
			);
			name = "NBA Player GuessTests";
			productName = "NBA Player GuessTests";
			productReference = 6D1D54161833C62E002982D4 /* NBA Player GuessTests.xctest */;
			productType = "com.apple.product-type.bundle.unit-test";
		};
/* End PBXNativeTarget section */

/* Begin PBXProject section */
		6D1D53ED1833C62D002982D4 /* Project object */ = {
			isa = PBXProject;
			attributes = {
				CLASSPREFIX = kpcNba;
				LastUpgradeCheck = 0500;
				ORGANIZATIONNAME = "Kevin Connor";
				TargetAttributes = {
					6D1D54151833C62E002982D4 = {
						TestTargetID = 6D1D53F41833C62D002982D4;
					};
				};
			};
			buildConfigurationList = 6D1D53F01833C62D002982D4 /* Build configuration list for PBXProject "NBA Player Guess" */;
			compatibilityVersion = "Xcode 3.2";
			developmentRegion = English;
			hasScannedForEncodings = 0;
			knownRegions = (
				en,
				Base,
			);
			mainGroup = 6D1D53EC1833C62D002982D4;
			productRefGroup = 6D1D53F61833C62D002982D4 /* Products */;
			projectDirPath = "";
			projectRoot = "";
			targets = (
				6D1D53F41833C62D002982D4 /* NBA Player Guess */,
				6D1D54151833C62E002982D4 /* NBA Player GuessTests */,
			);
		};
/* End PBXProject section */

/* Begin PBXResourcesBuildPhase section */
		6D1D53F31833C62D002982D4 /* Resources */ = {
			isa = PBXResourcesBuildPhase;
			buildActionMask = 2147483647;
			files = (
				6D1D54111833C62D002982D4 /* Images.xcassets in Resources */,
				6DA08E78185507D100246759 /* playerData.plist in Resources */,
				6D1D54031833C62D002982D4 /* InfoPlist.strings in Resources */,
				6D1D540C1833C62D002982D4 /* Main.storyboard in Resources */,
			);
			runOnlyForDeploymentPostprocessing = 0;
		};
		6D1D54141833C62E002982D4 /* Resources */ = {
			isa = PBXResourcesBuildPhase;
			buildActionMask = 2147483647;
			files = (
				6D1D54221833C62E002982D4 /* InfoPlist.strings in Resources */,
			);
			runOnlyForDeploymentPostprocessing = 0;
		};
/* End PBXResourcesBuildPhase section */

/* Begin PBXSourcesBuildPhase section */
		6D1D53F11833C62D002982D4 /* Sources */ = {
			isa = PBXSourcesBuildPhase;
			buildActionMask = 2147483647;
			files = (
				6D236081184598FC0026A2EE /* kpcNbaScoringComponent.m in Sources */,
				6DA08E731854FA3500246759 /* kpcNbaPlayer.m in Sources */,
				6D2360841845B5BA0026A2EE /* kpcNbaIntegerScoringComponent.m in Sources */,
				6D1D54051833C62D002982D4 /* main.m in Sources */,
				6D1D54091833C62D002982D4 /* kpcNbaAppDelegate.m in Sources */,
				6D1D542F1833CAA8002982D4 /* kpcNbaTimerController.m in Sources */,
				6D1D540F1833C62D002982D4 /* kpcNbaViewController.m in Sources */,
				6DA08E761855046100246759 /* kpcNbaStringScoringComponent.m in Sources */,
			);
			runOnlyForDeploymentPostprocessing = 0;
		};
		6D1D54121833C62E002982D4 /* Sources */ = {
			isa = PBXSourcesBuildPhase;
			buildActionMask = 2147483647;
			files = (
				6D1D54241833C62E002982D4 /* NBA_Player_GuessTests.m in Sources */,
			);
			runOnlyForDeploymentPostprocessing = 0;
		};
/* End PBXSourcesBuildPhase section */

/* Begin PBXTargetDependency section */
		6D1D541C1833C62E002982D4 /* PBXTargetDependency */ = {
			isa = PBXTargetDependency;
			target = 6D1D53F41833C62D002982D4 /* NBA Player Guess */;
			targetProxy = 6D1D541B1833C62E002982D4 /* PBXContainerItemProxy */;
		};
/* End PBXTargetDependency section */

/* Begin PBXVariantGroup section */
		6D1D54011833C62D002982D4 /* InfoPlist.strings */ = {
			isa = PBXVariantGroup;
			children = (
				6D1D54021833C62D002982D4 /* en */,
			);
			name = InfoPlist.strings;
			sourceTree = "<group>";
		};
		6D1D540A1833C62D002982D4 /* Main.storyboard */ = {
			isa = PBXVariantGroup;
			children = (
				6D1D540B1833C62D002982D4 /* Base */,
			);
			name = Main.storyboard;
			sourceTree = "<group>";
		};
		6D1D54201833C62E002982D4 /* InfoPlist.strings */ = {
			isa = PBXVariantGroup;
			children = (
				6D1D54211833C62E002982D4 /* en */,
			);
			name = InfoPlist.strings;
			sourceTree = "<group>";
		};
/* End PBXVariantGroup section */

/* Begin XCBuildConfiguration section */
		6D1D54251833C62E002982D4 /* Debug */ = {
			isa = XCBuildConfiguration;
			buildSettings = {
				ALWAYS_SEARCH_USER_PATHS = NO;
				ARCHS = "$(ARCHS_STANDARD_INCLUDING_64_BIT)";
				CLANG_CXX_LANGUAGE_STANDARD = "gnu++0x";
				CLANG_CXX_LIBRARY = "libc++";
				CLANG_ENABLE_MODULES = YES;
				CLANG_ENABLE_OBJC_ARC = YES;
				CLANG_WARN_BOOL_CONVERSION = YES;
				CLANG_WARN_CONSTANT_CONVERSION = YES;
				CLANG_WARN_DIRECT_OBJC_ISA_USAGE = YES_ERROR;
				CLANG_WARN_EMPTY_BODY = YES;
				CLANG_WARN_ENUM_CONVERSION = YES;
				CLANG_WARN_INT_CONVERSION = YES;
				CLANG_WARN_OBJC_ROOT_CLASS = YES_ERROR;
				CLANG_WARN__DUPLICATE_METHOD_MATCH = YES;
				"CODE_SIGN_IDENTITY[sdk=iphoneos*]" = "iPhone Developer";
				COPY_PHASE_STRIP = NO;
				GCC_C_LANGUAGE_STANDARD = gnu99;
				GCC_DYNAMIC_NO_PIC = NO;
				GCC_OPTIMIZATION_LEVEL = 0;
				GCC_PREPROCESSOR_DEFINITIONS = (
					"DEBUG=1",
					"$(inherited)",
				);
				GCC_SYMBOLS_PRIVATE_EXTERN = NO;
				GCC_WARN_64_TO_32_BIT_CONVERSION = YES;
				GCC_WARN_ABOUT_RETURN_TYPE = YES_ERROR;
				GCC_WARN_UNDECLARED_SELECTOR = YES;
				GCC_WARN_UNINITIALIZED_AUTOS = YES;
				GCC_WARN_UNUSED_FUNCTION = YES;
				GCC_WARN_UNUSED_VARIABLE = YES;
				IPHONEOS_DEPLOYMENT_TARGET = 7.0;
				ONLY_ACTIVE_ARCH = YES;
				SDKROOT = iphoneos;
			};
			name = Debug;
		};
		6D1D54261833C62E002982D4 /* Release */ = {
			isa = XCBuildConfiguration;
			buildSettings = {
				ALWAYS_SEARCH_USER_PATHS = NO;
				ARCHS = "$(ARCHS_STANDARD_INCLUDING_64_BIT)";
				CLANG_CXX_LANGUAGE_STANDARD = "gnu++0x";
				CLANG_CXX_LIBRARY = "libc++";
				CLANG_ENABLE_MODULES = YES;
				CLANG_ENABLE_OBJC_ARC = YES;
				CLANG_WARN_BOOL_CONVERSION = YES;
				CLANG_WARN_CONSTANT_CONVERSION = YES;
				CLANG_WARN_DIRECT_OBJC_ISA_USAGE = YES_ERROR;
				CLANG_WARN_EMPTY_BODY = YES;
				CLANG_WARN_ENUM_CONVERSION = YES;
				CLANG_WARN_INT_CONVERSION = YES;
				CLANG_WARN_OBJC_ROOT_CLASS = YES_ERROR;
				CLANG_WARN__DUPLICATE_METHOD_MATCH = YES;
				"CODE_SIGN_IDENTITY[sdk=iphoneos*]" = "iPhone Developer";
				COPY_PHASE_STRIP = YES;
				ENABLE_NS_ASSERTIONS = NO;
				GCC_C_LANGUAGE_STANDARD = gnu99;
				GCC_WARN_64_TO_32_BIT_CONVERSION = YES;
				GCC_WARN_ABOUT_RETURN_TYPE = YES_ERROR;
				GCC_WARN_UNDECLARED_SELECTOR = YES;
				GCC_WARN_UNINITIALIZED_AUTOS = YES;
				GCC_WARN_UNUSED_FUNCTION = YES;
				GCC_WARN_UNUSED_VARIABLE = YES;
				IPHONEOS_DEPLOYMENT_TARGET = 7.0;
				SDKROOT = iphoneos;
				VALIDATE_PRODUCT = YES;
			};
			name = Release;
		};
		6D1D54281833C62E002982D4 /* Debug */ = {
			isa = XCBuildConfiguration;
			buildSettings = {
				ASSETCATALOG_COMPILER_APPICON_NAME = AppIcon;
				ASSETCATALOG_COMPILER_LAUNCHIMAGE_NAME = LaunchImage;
				GCC_PRECOMPILE_PREFIX_HEADER = YES;
				GCC_PREFIX_HEADER = "NBA Player Guess/NBA Player Guess-Prefix.pch";
				INFOPLIST_FILE = "NBA Player Guess/NBA Player Guess-Info.plist";
				PRODUCT_NAME = "$(TARGET_NAME)";
				WRAPPER_EXTENSION = app;
			};
			name = Debug;
		};
		6D1D54291833C62E002982D4 /* Release */ = {
			isa = XCBuildConfiguration;
			buildSettings = {
				ASSETCATALOG_COMPILER_APPICON_NAME = AppIcon;
				ASSETCATALOG_COMPILER_LAUNCHIMAGE_NAME = LaunchImage;
				GCC_PRECOMPILE_PREFIX_HEADER = YES;
				GCC_PREFIX_HEADER = "NBA Player Guess/NBA Player Guess-Prefix.pch";
				INFOPLIST_FILE = "NBA Player Guess/NBA Player Guess-Info.plist";
				PRODUCT_NAME = "$(TARGET_NAME)";
				WRAPPER_EXTENSION = app;
			};
			name = Release;
		};
		6D1D542B1833C62E002982D4 /* Debug */ = {
			isa = XCBuildConfiguration;
			buildSettings = {
				ARCHS = "$(ARCHS_STANDARD_INCLUDING_64_BIT)";
				BUNDLE_LOADER = "$(BUILT_PRODUCTS_DIR)/NBA Player Guess.app/NBA Player Guess";
				FRAMEWORK_SEARCH_PATHS = (
					"$(SDKROOT)/Developer/Library/Frameworks",
					"$(inherited)",
					"$(DEVELOPER_FRAMEWORKS_DIR)",
				);
				GCC_PRECOMPILE_PREFIX_HEADER = YES;
				GCC_PREFIX_HEADER = "NBA Player Guess/NBA Player Guess-Prefix.pch";
				GCC_PREPROCESSOR_DEFINITIONS = (
					"DEBUG=1",
					"$(inherited)",
				);
				INFOPLIST_FILE = "NBA Player GuessTests/NBA Player GuessTests-Info.plist";
				PRODUCT_NAME = "$(TARGET_NAME)";
				TEST_HOST = "$(BUNDLE_LOADER)";
				WRAPPER_EXTENSION = xctest;
			};
			name = Debug;
		};
		6D1D542C1833C62E002982D4 /* Release */ = {
			isa = XCBuildConfiguration;
			buildSettings = {
				ARCHS = "$(ARCHS_STANDARD_INCLUDING_64_BIT)";
				BUNDLE_LOADER = "$(BUILT_PRODUCTS_DIR)/NBA Player Guess.app/NBA Player Guess";
				FRAMEWORK_SEARCH_PATHS = (
					"$(SDKROOT)/Developer/Library/Frameworks",
					"$(inherited)",
					"$(DEVELOPER_FRAMEWORKS_DIR)",
				);
				GCC_PRECOMPILE_PREFIX_HEADER = YES;
				GCC_PREFIX_HEADER = "NBA Player Guess/NBA Player Guess-Prefix.pch";
				INFOPLIST_FILE = "NBA Player GuessTests/NBA Player GuessTests-Info.plist";
				PRODUCT_NAME = "$(TARGET_NAME)";
				TEST_HOST = "$(BUNDLE_LOADER)";
				WRAPPER_EXTENSION = xctest;
			};
			name = Release;
		};
/* End XCBuildConfiguration section */

/* Begin XCConfigurationList section */
		6D1D53F01833C62D002982D4 /* Build configuration list for PBXProject "NBA Player Guess" */ = {
			isa = XCConfigurationList;
			buildConfigurations = (
				6D1D54251833C62E002982D4 /* Debug */,
				6D1D54261833C62E002982D4 /* Release */,
			);
			defaultConfigurationIsVisible = 0;
			defaultConfigurationName = Release;
		};
		6D1D54271833C62E002982D4 /* Build configuration list for PBXNativeTarget "NBA Player Guess" */ = {
			isa = XCConfigurationList;
			buildConfigurations = (
				6D1D54281833C62E002982D4 /* Debug */,
				6D1D54291833C62E002982D4 /* Release */,
			);
			defaultConfigurationIsVisible = 0;
			defaultConfigurationName = Release;
		};
		6D1D542A1833C62E002982D4 /* Build configuration list for PBXNativeTarget "NBA Player GuessTests" */ = {
			isa = XCConfigurationList;
			buildConfigurations = (
				6D1D542B1833C62E002982D4 /* Debug */,
				6D1D542C1833C62E002982D4 /* Release */,
			);
			defaultConfigurationIsVisible = 0;
			defaultConfigurationName = Release;
		};
/* End XCConfigurationList section */
	};
	rootObject = 6D1D53ED1833C62D002982D4 /* Project object */;
}
